# THIS IS AN AUTOGENERATED FILE. DO NOT EDIT THIS FILE DIRECTLY.
# yarn lockfile v1


"@citizenfx/client@^2.0.8552-1":
  version "2.0.8552-1"
  resolved "https://registry.yarnpkg.com/@citizenfx/client/-/client-2.0.8552-1.tgz#931993d490db408843b5376bfe62d0d43a44545e"
  integrity sha512-1hSxu/fOYUj8sllFQPga6KkQwJ0f+fTj4yofnj5jeUKe3EXV2ZHwlVxkyJLSA5VIbMYg/CjdlY7REgntApFxgA==

"@citizenfx/server@^2.0.8552-1":
  version "2.0.8552-1"
  resolved "https://registry.yarnpkg.com/@citizenfx/server/-/server-2.0.8552-1.tgz#b9bc250b1988b896ddfa35f38015999160c234bd"
  integrity sha512-ILrbpSTqzXyzisQpSV6RWhTBVkNxJut+UQzQup+x2izxJPegatGH6Kw4zR3fHhkaST3IPt8gT5Ud2OdJUQ0cIQ==

typescript@^5.4.5:
  version "5.4.5"
  resolved "https://registry.yarnpkg.com/typescript/-/typescript-5.4.5.tgz#42ccef2c571fdbd0f6718b1d1f5e6e5ef006f611"
  integrity sha512-vcI4UpRgg81oIRUFwR0WSIHKt11nJ7SAVlYNIu+QpqeyXP+gpQJy/Z4+F0aGxSE4MqwjyXvW/TzgkLAx2AGHwQ==
